// !$*UTF8*$!
{
	archiveVersion = 1;
	classes = {
	};
	objectVersion = 46;
	objects = {

/* Begin PBXBuildFile section */
		86AF97721C6EA6D500284745 /* AppDelegate.swift in Sources */ = {isa = PBXBuildFile; fileRef = 86AF97711C6EA6D500284745 /* AppDelegate.swift */; };
		86AF97741C6EA6D500284745 /* ViewController.swift in Sources */ = {isa = PBXBuildFile; fileRef = 86AF97731C6EA6D500284745 /* ViewController.swift */; };
		86AF97771C6EA6D500284745 /* Main.storyboard in Resources */ = {isa = PBXBuildFile; fileRef = 86AF97751C6EA6D500284745 /* Main.storyboard */; };
		86AF97791C6EA6D500284745 /* Assets.xcassets in Resources */ = {isa = PBXBuildFile; fileRef = 86AF97781C6EA6D500284745 /* Assets.xcassets */; };
		86AF977C1C6EA6D500284745 /* LaunchScreen.storyboard in Resources */ = {isa = PBXBuildFile; fileRef = 86AF977A1C6EA6D500284745 /* LaunchScreen.storyboard */; };
/* End PBXBuildFile section */

/* Begin PBXFileReference section */
		86AF976E1C6EA6D500284745 /* Movieviewer.app */ = {isa = PBXFileReference; explicitFileType = wrapper.application; includeInIndex = 0; path = Movieviewer.app; sourceTree = BUILT_PRODUCTS_DIR; };
		86AF97711C6EA6D500284745 /* AppDelegate.swift */ = {isa = PBXFileReference; lastKnownFileType = sourcecode.swift; path = AppDelegate.swift; sourceTree = "<group>"; };
		86AF97731C6EA6D500284745 /* ViewController.swift */ = {isa = PBXFileReference; lastKnownFileType = sourcecode.swift; path = ViewController.swift; sourceTree = "<group>"; };
		86AF97761C6EA6D500284745 /* Base */ = {isa = PBXFileReference; lastKnownFileType = file.storyboard; name = Base; path = Base.lproj/Main.storyboard; sourceTree = "<group>"; };
		86AF97781C6EA6D500284745 /* Assets.xcassets */ = {isa = PBXFileReference; lastKnownFileType = folder.assetcatalog; path = Assets.xcassets; sourceTree = "<group>"; };
		86AF977B1C6EA6D500284745 /* Base */ = {isa = PBXFileReference; lastKnownFileType = file.storyboard; name = Base; path = Base.lproj/LaunchScreen.storyboard; sourceTree = "<group>"; };
		86AF977D1C6EA6D500284745 /* Info.plist */ = {isa = PBXFileReference; lastKnownFileType = text.plist.xml; path = Info.plist; sourceTree = "<group>"; };
/* End PBXFileReference section */

/* Begin PBXFrameworksBuildPhase section */
		86AF976B1C6EA6D500284745 /* Frameworks */ = {
			isa = PBXFrameworksBuildPhase;
			buildActionMask = 2147483647;
			files = (
			);
			runOnlyForDeploymentPostprocessing = 0;
		};
/* End PBXFrameworksBuildPhase section */

/* Begin PBXGroup section */
		86AF97651C6EA6D500284745 = {
			isa = PBXGroup;
			children = (
				86AF97701C6EA6D500284745 /* Movieviewer */,
				86AF976F1C6EA6D500284745 /* Products */,
			);
			sourceTree = "<group>";
		};
		86AF976F1C6EA6D500284745 /* Products */ = {
			isa = PBXGroup;
			children = (
				86AF976E1C6EA6D500284745 /* Movieviewer.app */,
			);
			name = Products;
			sourceTree = "<group>";
		};
		86AF97701C6EA6D500284745 /* Movieviewer */ = {
			isa = PBXGroup;
			children = (
				86AF97711C6EA6D500284745 /* AppDelegate.swift */,
				86AF97731C6EA6D500284745 /* ViewController.swift */,
				86AF97751C6EA6D500284745 /* Main.storyboard */,
				86AF97781C6EA6D500284745 /* Assets.xcassets */,
				86AF977A1C6EA6D500284745 /* LaunchScreen.storyboard */,
				86AF977D1C6EA6D500284745 /* Info.plist */,
			);
			path = Movieviewer;
			sourceTree = "<group>";
		};
/* End PBXGroup section */

/* Begin PBXNativeTarget section */
		86AF976D1C6EA6D500284745 /* Movieviewer */ = {
			isa = PBXNativeTarget;
			buildConfigurationList = 86AF97801C6EA6D500284745 /* Build configuration list for PBXNativeTarget "Movieviewer" */;
			buildPhases = (
				86AF976A1C6EA6D500284745 /* Sources */,
				86AF976B1C6EA6D500284745 /* Frameworks */,
				86AF976C1C6EA6D500284745 /* Resources */,
			);
			buildRules = (
			);
			dependencies = (
			);
			name = Movieviewer;
			productName = Movieviewer;
			productReference = 86AF976E1C6EA6D500284745 /* Movieviewer.app */;
			productType = "com.apple.product-type.application";
		};
/* End PBXNativeTarget section */

/* Begin PBXProject section */
		86AF97661C6EA6D500284745 /* Project object */ = {
			isa = PBXProject;
			attributes = {
				LastUpgradeCheck = 0700;
				ORGANIZATIONNAME = "Ibrahim Mustafa";
				TargetAttributes = {
					86AF976D1C6EA6D500284745 = {
						CreatedOnToolsVersion = 7.0;
						DevelopmentTeam = XH7GSKE4X8;
					};
				};
			};
			buildConfigurationList = 86AF97691C6EA6D500284745 /* Build configuration list for PBXProject "Movieviewer" */;
			compatibilityVersion = "Xcode 3.2";
			developmentRegion = English;
			hasScannedForEncodings = 0;
			knownRegions = (
				en,
				Base,
			);
			mainGroup = 86AF97651C6EA6D500284745;
			productRefGroup = 86AF976F1C6EA6D500284745 /* Products */;
			projectDirPath = "";
			projectRoot = "";
			targets = (
				86AF976D1C6EA6D500284745 /* Movieviewer */,
			);
		};
/* End PBXProject section */

/* Begin PBXResourcesBuildPhase section */
		86AF976C1C6EA6D500284745 /* Resources */ = {
			isa = PBXResourcesBuildPhase;
			buildActionMask = 2147483647;
			files = (
				86AF977C1C6EA6D500284745 /* LaunchScreen.storyboard in Resources */,
				86AF97791C6EA6D500284745 /* Assets.xcassets in Resources */,
				86AF97771C6EA6D500284745 /* Main.storyboard in Resources */,
			);
			runOnlyForDeploymentPostprocessing = 0;
		};
/* End PBXResourcesBuildPhase section */

/* Begin PBXSourcesBuildPhase section */
		86AF976A1C6EA6D500284745 /* Sources */ = {
			isa = PBXSourcesBuildPhase;
			buildActionMask = 2147483647;
			files = (
				86AF97741C6EA6D500284745 /* ViewController.swift in Sources */,
				86AF97721C6EA6D500284745 /* AppDelegate.swift in Sources */,
			);
			runOnlyForDeploymentPostprocessing = 0;
		};
/* End PBXSourcesBuildPhase section */

/* Begin PBXVariantGroup section */
		86AF97751C6EA6D500284745 /* Main.storyboard */ = {
			isa = PBXVariantGroup;
			children = (
				86AF97761C6EA6D500284745 /* Base */,
			);
			name = Main.storyboard;
			sourceTree = "<group>";
		};
		86AF977A1C6EA6D500284745 /* LaunchScreen.storyboard */ = {
			isa = PBXVariantGroup;
			children = (
				86AF977B1C6EA6D500284745 /* Base */,
			);
			name = LaunchScreen.storyboard;
			sourceTree = "<group>";
		};
/* End PBXVariantGroup section */

/* Begin XCBuildConfiguration section */
		86AF977E1C6EA6D500284745 /* Debug */ = {
			isa = XCBuildConfiguration;
			buildSettings = {
				ALWAYS_SEARCH_USER_PATHS = NO;
				CLANG_CXX_LANGUAGE_STANDARD = "gnu++0x";
				CLANG_CXX_LIBRARY = "libc++";
				CLANG_ENABLE_MODULES = YES;
				CLANG_ENABLE_OBJC_ARC = YES;
				CLANG_WARN_BOOL_CONVERSION = YES;
				CLANG_WARN_CONSTANT_CONVERSION = YES;
				CLANG_WARN_DIRECT_OBJC_ISA_USAGE = YES_ERROR;
				CLANG_WARN_EMPTY_BODY = YES;
				CLANG_WARN_ENUM_CONVERSION = YES;
				CLANG_WARN_INT_CONVERSION = YES;
				CLANG_WARN_OBJC_ROOT_CLASS = YES_ERROR;
				CLANG_WARN_UNREACHABLE_CODE = YES;
				CLANG_WARN__DUPLICATE_METHOD_MATCH = YES;
				"CODE_SIGN_IDENTITY[sdk=iphoneos*]" = "iPhone Developer";
				COPY_PHASE_STRIP = NO;
				DEBUG_INFORMATION_FORMAT = dwarf;
				ENABLE_STRICT_OBJC_MSGSEND = YES;
				ENABLE_TESTABILITY = YES;
				GCC_C_LANGUAGE_STANDARD = gnu99;
				GCC_DYNAMIC_NO_PIC = NO;
				GCC_NO_COMMON_BLOCKS = YES;
				GCC_OPTIMIZATION_LEVEL = 0;
				GCC_PREPROCESSOR_DEFINITIONS = (
					"DEBUG=1",
					"$(inherited)",
				);
				GCC_WARN_64_TO_32_BIT_CONVERSION = YES;
				GCC_WARN_ABOUT_RETURN_TYPE = YES_ERROR;
				GCC_WARN_UNDECLARED_SELECTOR = YES;
				GCC_WARN_UNINITIALIZED_AUTOS = YES_AGGRESSIVE;
				GCC_WARN_UNUSED_FUNCTION = YES;
				GCC_WARN_UNUSED_VARIABLE = YES;
				IPHONEOS_DEPLOYMENT_TARGET = 9.0;
				MTL_ENABLE_DEBUG_INFO = YES;
				ONLY_ACTIVE_ARCH = YES;
				SDKROOT = iphoneos;
				SWIFT_OPTIMIZATION_LEVEL = "-Onone";
				TARGETED_DEVICE_FAMILY = "1,2";
			};
			name = Debug;
		};
		86AF977F1C6EA6D500284745 /* Release */ = {
			isa = XCBuildConfiguration;
			buildSettings = {
				ALWAYS_SEARCH_USER_PATHS = NO;
				CLANG_CXX_LANGUAGE_STANDARD = "gnu++0x";
				CLANG_CXX_LIBRARY = "libc++";
				CLANG_ENABLE_MODULES = YES;
				CLANG_ENABLE_OBJC_ARC = YES;
				CLANG_WARN_BOOL_CONVERSION = YES;
				CLANG_WARN_CONSTANT_CONVERSION = YES;
				CLANG_WARN_DIRECT_OBJC_ISA_USAGE = YES_ERROR;
				CLANG_WARN_EMPTY_BODY = YES;
				CLANG_WARN_ENUM_CONVERSION = YES;
				CLANG_WARN_INT_CONVERSION = YES;
				CLANG_WARN_OBJC_ROOT_CLASS = YES_ERROR;
				CLANG_WARN_UNREACHABLE_CODE = YES;
				CLANG_WARN__DUPLICATE_METHOD_MATCH = YES;
				"CODE_SIGN_IDENTITY[sdk=iphoneos*]" = "iPhone Developer";
				COPY_PHASE_STRIP = NO;
				DEBUG_INFORMATION_FORMAT = "dwarf-with-dsym";
				ENABLE_NS_ASSERTIONS = NO;
				ENABLE_STRICT_OBJC_MSGSEND = YES;
				GCC_C_LANGUAGE_STANDARD = gnu99;
				GCC_NO_COMMON_BLOCKS = YES;
				GCC_WARN_64_TO_32_BIT_CONVERSION = YES;
				GCC_WARN_ABOUT_RETURN_TYPE = YES_ERROR;
				GCC_WARN_UNDECLARED_SELECTOR = YES;
				GCC_WARN_UNINITIALIZED_AUTOS = YES_AGGRESSIVE;
				GCC_WARN_UNUSED_FUNCTION = YES;
				GCC_WARN_UNUSED_VARIABLE = YES;
				IPHONEOS_DEPLOYMENT_TARGET = 9.0;
				MTL_ENABLE_DEBUG_INFO = NO;
				SDKROOT = iphoneos;
				TARGETED_DEVICE_FAMILY = "1,2";
				VALIDATE_PRODUCT = YES;
			};
			name = Release;
		};
		86AF97811C6EA6D500284745 /* Debug */ = {
			isa = XCBuildConfiguration;
			buildSettings = {
				ASSETCATALOG_COMPILER_APPICON_NAME = AppIcon;
				INFOPLIST_FILE = Movieviewer/Info.plist;
				LD_RUNPATH_SEARCH_PATHS = "$(inherited) @executable_path/Frameworks";
				PRODUCT_BUNDLE_IDENTIFIER = codepath.com.Movieviewer;
				PRODUCT_NAME = "$(TARGET_NAME)";
			};
			name = Debug;
		};
		86AF97821C6EA6D500284745 /* Release */ = {
			isa = XCBuildConfiguration;
			buildSettings = {
				ASSETCATALOG_COMPILER_APPICON_NAME = AppIcon;
				INFOPLIST_FILE = Movieviewer/Info.plist;
				LD_RUNPATH_SEARCH_PATHS = "$(inherited) @executable_path/Frameworks";
				PRODUCT_BUNDLE_IDENTIFIER = codepath.com.Movieviewer;
				PRODUCT_NAME = "$(TARGET_NAME)";
			};
			name = Release;
		};
/* End XCBuildConfiguration section */

/* Begin XCConfigurationList section */
		86AF97691C6EA6D500284745 /* Build configuration list for PBXProject "Movieviewer" */ = {
			isa = XCConfigurationList;
			buildConfigurations = (
				86AF977E1C6EA6D500284745 /* Debug */,
				86AF977F1C6EA6D500284745 /* Release */,
			);
			defaultConfigurationIsVisible = 0;
			defaultConfigurationName = Release;
		};
		86AF97801C6EA6D500284745 /* Build configuration list for PBXNativeTarget "Movieviewer" */ = {
			isa = XCConfigurationList;
			buildConfigurations = (
				86AF97811C6EA6D500284745 /* Debug */,
				86AF97821C6EA6D500284745 /* Release */,
			);
			defaultConfigurationIsVisible = 0;
		};
/* End XCConfigurationList section */
	};
	rootObject = 86AF97661C6EA6D500284745 /* Project object */;
}
